PODS:
  - AccordionMenuSwift (1.2.5)
  - JAYSON (1.3.2)

DEPENDENCIES:
  - AccordionMenuSwift
  - JAYSON

SPEC CHECKSUMS:
  AccordionMenuSwift: 5c9cdccb8774c17e1c87d84fbf27b5997974f622
  JAYSON: 0573c14066ef1a624a0f210df225e1a90b295200

PODFILE CHECKSUM: 2ee80f9dd9654970413eca43f79a4223ced79792

COCOAPODS: 1.4.0
